
Microsoft Visual Studio Solution File, Format Version 12.00
Project("{FAE04EC0-301F-11D3-BF4B-00C04F79EFBC}") = "DDDConcept", "DDDConcept\DDDConcept.csproj", "{69C071BE-0A04-46B9-AE39-1876CF06142E}"
EndProject
Project("{2150E333-8FDC-42A3-9474-1A3956D46DE8}") = "Core", "Core", "{CFA3D4B5-8574-4595-B492-2C0BD92F5F29}"
EndProject
Project("{FAE04EC0-301F-11D3-BF4B-00C04F79EFBC}") = "Domain", "Domain\Domain.csproj", "{6B7C8559-A47F-48E3-94CA-F31E59712734}"
EndProject
Project("{2150E333-8FDC-42A3-9474-1A3956D46DE8}") = "Infrastructure", "Infrastructure", "{6C9CB715-CE8E-4B6D-827F-3F04433A104D}"
EndProject
Project("{FAE04EC0-301F-11D3-BF4B-00C04F79EFBC}") = "Persistence", "Persistence\Persistence.csproj", "{736E5054-C4B7-41FC-A050-8F2F4921262B}"
EndProject
Global
	GlobalSection(SolutionConfigurationPlatforms) = preSolution
		Debug|Any CPU = Debug|Any CPU
		Release|Any CPU = Release|Any CPU
	EndGlobalSection
	GlobalSection(ProjectConfigurationPlatforms) = postSolution
		{69C071BE-0A04-46B9-AE39-1876CF06142E}.Debug|Any CPU.ActiveCfg = Debug|Any CPU
		{69C071BE-0A04-46B9-AE39-1876CF06142E}.Debug|Any CPU.Build.0 = Debug|Any CPU
		{69C071BE-0A04-46B9-AE39-1876CF06142E}.Release|Any CPU.ActiveCfg = Release|Any CPU
		{69C071BE-0A04-46B9-AE39-1876CF06142E}.Release|Any CPU.Build.0 = Release|Any CPU
		{6B7C8559-A47F-48E3-94CA-F31E59712734}.Debug|Any CPU.ActiveCfg = Debug|Any CPU
		{6B7C8559-A47F-48E3-94CA-F31E59712734}.Debug|Any CPU.Build.0 = Debug|Any CPU
		{6B7C8559-A47F-48E3-94CA-F31E59712734}.Release|Any CPU.ActiveCfg = Release|Any CPU
		{6B7C8559-A47F-48E3-94CA-F31E59712734}.Release|Any CPU.Build.0 = Release|Any CPU
		{736E5054-C4B7-41FC-A050-8F2F4921262B}.Debug|Any CPU.ActiveCfg = Debug|Any CPU
		{736E5054-C4B7-41FC-A050-8F2F4921262B}.Debug|Any CPU.Build.0 = Debug|Any CPU
		{736E5054-C4B7-41FC-A050-8F2F4921262B}.Release|Any CPU.ActiveCfg = Release|Any CPU
		{736E5054-C4B7-41FC-A050-8F2F4921262B}.Release|Any CPU.Build.0 = Release|Any CPU
	EndGlobalSection
	GlobalSection(NestedProjects) = preSolution
		{6B7C8559-A47F-48E3-94CA-F31E59712734} = {CFA3D4B5-8574-4595-B492-2C0BD92F5F29}
		{736E5054-C4B7-41FC-A050-8F2F4921262B} = {6C9CB715-CE8E-4B6D-827F-3F04433A104D}
	EndGlobalSection
EndGlobal
